
Microsoft Visual Studio Solution File, Format Version 12.00
# Visual Studio Version 17
VisualStudioVersion = 17.14.36301.6
MinimumVisualStudioVersion = 10.0.40219.1
Project("{FAE04EC0-301F-11D3-BF4B-00C04F79EFBC}") = "XONT.Ventura.TaskGateway", "XONT.Ventura.TaskGateway\XONT.Ventura.TaskGateway.csproj", "{2EA9FD5B-C3FA-46C0-B5B0-22C3C73BE8E2}"
EndProject
Project("{FAE04EC0-301F-11D3-BF4B-00C04F79EFBC}") = "XONT.Ventura.TaskGateway.BLL", "XONT.Ventura.TaskGateway.BLL\XONT.Ventura.TaskGateway.BLL.csproj", "{98BCFF71-25B2-41A8-8AC9-35C691407C4A}"
EndProject
Project("{FAE04EC0-301F-11D3-BF4B-00C04F79EFBC}") = "XONT.Ventura.TaskGateway.DOMAIN", "XONT.Ventura.TaskGateway.DOMAIN\XONT.Ventura.TaskGateway.DOMAIN.csproj", "{BD03E52B-DAE0-4B77-BB11-03F58ECF744B}"
EndProject
Project("{FAE04EC0-301F-11D3-BF4B-00C04F79EFBC}") = "XONT.Ventura.TaskGateway.DAL", "XONT.Ventura.TaskGateway.DAL\XONT.Ventura.TaskGateway.DAL.csproj", "{ADD50D0F-4FB7-4D1F-A255-2D03728BBACA}"
EndProject
Global
	GlobalSection(SolutionConfigurationPlatforms) = preSolution
		Debug|Any CPU = Debug|Any CPU
		Release|Any CPU = Release|Any CPU
	EndGlobalSection
	GlobalSection(ProjectConfigurationPlatforms) = postSolution
		{2EA9FD5B-C3FA-46C0-B5B0-22C3C73BE8E2}.Debug|Any CPU.ActiveCfg = Debug|Any CPU
		{2EA9FD5B-C3FA-46C0-B5B0-22C3C73BE8E2}.Debug|Any CPU.Build.0 = Debug|Any CPU
		{2EA9FD5B-C3FA-46C0-B5B0-22C3C73BE8E2}.Release|Any CPU.ActiveCfg = Release|Any CPU
		{2EA9FD5B-C3FA-46C0-B5B0-22C3C73BE8E2}.Release|Any CPU.Build.0 = Release|Any CPU
		{98BCFF71-25B2-41A8-8AC9-35C691407C4A}.Debug|Any CPU.ActiveCfg = Debug|Any CPU
		{98BCFF71-25B2-41A8-8AC9-35C691407C4A}.Debug|Any CPU.Build.0 = Debug|Any CPU
		{98BCFF71-25B2-41A8-8AC9-35C691407C4A}.Release|Any CPU.ActiveCfg = Release|Any CPU
		{98BCFF71-25B2-41A8-8AC9-35C691407C4A}.Release|Any CPU.Build.0 = Release|Any CPU
		{BD03E52B-DAE0-4B77-BB11-03F58ECF744B}.Debug|Any CPU.ActiveCfg = Debug|Any CPU
		{BD03E52B-DAE0-4B77-BB11-03F58ECF744B}.Debug|Any CPU.Build.0 = Debug|Any CPU
		{BD03E52B-DAE0-4B77-BB11-03F58ECF744B}.Release|Any CPU.ActiveCfg = Release|Any CPU
		{BD03E52B-DAE0-4B77-BB11-03F58ECF744B}.Release|Any CPU.Build.0 = Release|Any CPU
		{ADD50D0F-4FB7-4D1F-A255-2D03728BBACA}.Debug|Any CPU.ActiveCfg = Debug|Any CPU
		{ADD50D0F-4FB7-4D1F-A255-2D03728BBACA}.Debug|Any CPU.Build.0 = Debug|Any CPU
		{ADD50D0F-4FB7-4D1F-A255-2D03728BBACA}.Release|Any CPU.ActiveCfg = Release|Any CPU
		{ADD50D0F-4FB7-4D1F-A255-2D03728BBACA}.Release|Any CPU.Build.0 = Release|Any CPU
	EndGlobalSection
	GlobalSection(SolutionProperties) = preSolution
		HideSolutionNode = FALSE
	EndGlobalSection
	GlobalSection(ExtensibilityGlobals) = postSolution
		SolutionGuid = {52279E03-3857-44B9-997C-33AD6FD5D359}
	EndGlobalSection
EndGlobal
